{
  "name": "spring-boot-extension-pack-with-kotlin",
  "version": "0.0.2",
  "lockfileVersion": 3,
  "requires": true,
  "packages": {
    "": {
      "name": "spring-boot-extension-pack-with-kotlin",
      "version": "0.0.2",
      "dependencies": {
        "spring-boot-extension-pack-with-kotlin": "file:"
      },
      "engines": {
        "vscode": "^1.32.0"
      }
    },
    "node_modules/spring-boot-extension-pack-with-kotlin": {
      "resolved": "",
      "link": true
    }
  }
}
